
Microsoft Visual Studio Solution File, Format Version 12.00
# Visual Studio Version 17
VisualStudioVersion = 17.3.32922.545
MinimumVisualStudioVersion = 10.0.40219.1
Project("{FAE04EC0-301F-11D3-BF4B-00C04F79EFBC}") = "WebApplication1", "WebApplication1\WebApplication1.csproj", "{4852FAC6-B058-483A-9DAC-7286F7543917}"
EndProject
Global
	GlobalSection(SolutionConfigurationPlatforms) = preSolution
		Debug|Any CPU = Debug|Any CPU
		Release|Any CPU = Release|Any CPU
	EndGlobalSection
	GlobalSection(ProjectConfigurationPlatforms) = postSolution
		{4852FAC6-B058-483A-9DAC-7286F7543917}.Debug|Any CPU.ActiveCfg = Debug|Any CPU
		{4852FAC6-B058-483A-9DAC-7286F7543917}.Debug|Any CPU.Build.0 = Debug|Any CPU
		{4852FAC6-B058-483A-9DAC-7286F7543917}.Release|Any CPU.ActiveCfg = Release|Any CPU
		{4852FAC6-B058-483A-9DAC-7286F7543917}.Release|Any CPU.Build.0 = Release|Any CPU
	EndGlobalSection
	GlobalSection(SolutionProperties) = preSolution
		HideSolutionNode = FALSE
	EndGlobalSection
	GlobalSection(ExtensibilityGlobals) = postSolution
		SolutionGuid = {BADF4142-53A6-409D-B5AF-0CF745417BBA}
	EndGlobalSection
EndGlobal
